Microsoft Visual Studio Solution File, Format Version 11.00
# Visual Studio 2010
Project("{FAE04EC0-301F-11D3-BF4B-00C04F79EFBC}") = "Assembly-CSharp", "Assembly-CSharp.csproj", "{1A149E23-1BD0-FA59-6AB0-AF7CBD91805D}"
EndProject
Project("{FAE04EC0-301F-11D3-BF4B-00C04F79EFBC}") = "Assembly-CSharp-firstpass", "Assembly-CSharp-firstpass.csproj", "{EA199BCB-CBFC-A6E0-5A92-6731FE1B28EB}"
EndProject
Global
	GlobalSection(SolutionConfigurationPlatforms) = preSolution
		Debug|Any CPU = Debug|Any CPU
		Release|Any CPU = Release|Any CPU
	EndGlobalSection
	GlobalSection(ProjectConfigurationPlatforms) = postSolution
		{1A149E23-1BD0-FA59-6AB0-AF7CBD91805D}.Debug|Any CPU.ActiveCfg = Debug|Any CPU
		{1A149E23-1BD0-FA59-6AB0-AF7CBD91805D}.Debug|Any CPU.Build.0 = Debug|Any CPU
		{1A149E23-1BD0-FA59-6AB0-AF7CBD91805D}.Release|Any CPU.ActiveCfg = Release|Any CPU
		{1A149E23-1BD0-FA59-6AB0-AF7CBD91805D}.Release|Any CPU.Build.0 = Release|Any CPU
		{EA199BCB-CBFC-A6E0-5A92-6731FE1B28EB}.Debug|Any CPU.ActiveCfg = Debug|Any CPU
		{EA199BCB-CBFC-A6E0-5A92-6731FE1B28EB}.Debug|Any CPU.Build.0 = Debug|Any CPU
		{EA199BCB-CBFC-A6E0-5A92-6731FE1B28EB}.Release|Any CPU.ActiveCfg = Release|Any CPU
		{EA199BCB-CBFC-A6E0-5A92-6731FE1B28EB}.Release|Any CPU.Build.0 = Release|Any CPU
	EndGlobalSection
	GlobalSection(SolutionProperties) = preSolution
		HideSolutionNode = FALSE
	EndGlobalSection
	GlobalSection(MonoDevelopProperties) = preSolution
		StartupItem = Assembly-CSharp.csproj
	EndGlobalSection
EndGlobal
